// !$*UTF8*$!
{
	archiveVersion = 1;
	classes = {
	};
	objectVersion = 50;
	objects = {

/* Begin PBXBuildFile section */
		37E8A2F2213D33A2006118AB /* AppDelegate.swift in Sources */ = {isa = PBXBuildFile; fileRef = 37E8A2F1213D33A2006118AB /* AppDelegate.swift */; };
		37E8A2F4213D33A2006118AB /* ViewController.swift in Sources */ = {isa = PBXBuildFile; fileRef = 37E8A2F3213D33A2006118AB /* ViewController.swift */; };
		37E8A2F7213D33A2006118AB /* Main.storyboard in Resources */ = {isa = PBXBuildFile; fileRef = 37E8A2F5213D33A2006118AB /* Main.storyboard */; };
		37E8A2F9213D33A3006118AB /* Assets.xcassets in Resources */ = {isa = PBXBuildFile; fileRef = 37E8A2F8213D33A3006118AB /* Assets.xcassets */; };
		37E8A2FC213D33A3006118AB /* LaunchScreen.storyboard in Resources */ = {isa = PBXBuildFile; fileRef = 37E8A2FA213D33A3006118AB /* LaunchScreen.storyboard */; };
/* End PBXBuildFile section */

/* Begin PBXFileReference section */
		37E8A2EE213D33A2006118AB /* StackOverflow51375566.app */ = {isa = PBXFileReference; explicitFileType = wrapper.application; includeInIndex = 0; path = StackOverflow51375566.app; sourceTree = BUILT_PRODUCTS_DIR; };
		37E8A2F1213D33A2006118AB /* AppDelegate.swift */ = {isa = PBXFileReference; lastKnownFileType = sourcecode.swift; path = AppDelegate.swift; sourceTree = "<group>"; };
		37E8A2F3213D33A2006118AB /* ViewController.swift */ = {isa = PBXFileReference; lastKnownFileType = sourcecode.swift; path = ViewController.swift; sourceTree = "<group>"; };
		37E8A2F6213D33A2006118AB /* Base */ = {isa = PBXFileReference; lastKnownFileType = file.storyboard; name = Base; path = Base.lproj/Main.storyboard; sourceTree = "<group>"; };
		37E8A2F8213D33A3006118AB /* Assets.xcassets */ = {isa = PBXFileReference; lastKnownFileType = folder.assetcatalog; path = Assets.xcassets; sourceTree = "<group>"; };
		37E8A2FB213D33A3006118AB /* Base */ = {isa = PBXFileReference; lastKnownFileType = file.storyboard; name = Base; path = Base.lproj/LaunchScreen.storyboard; sourceTree = "<group>"; };
		37E8A2FD213D33A3006118AB /* Info.plist */ = {isa = PBXFileReference; lastKnownFileType = text.plist.xml; path = Info.plist; sourceTree = "<group>"; };
/* End PBXFileReference section */

/* Begin PBXFrameworksBuildPhase section */
		37E8A2EB213D33A2006118AB /* Frameworks */ = {
			isa = PBXFrameworksBuildPhase;
			buildActionMask = 2147483647;
			files = (
			);
			runOnlyForDeploymentPostprocessing = 0;
		};
/* End PBXFrameworksBuildPhase section */

/* Begin PBXGroup section */
		37E8A2E5213D33A2006118AB = {
			isa = PBXGroup;
			children = (
				37E8A2F0213D33A2006118AB /* StackOverflow51375566 */,
				37E8A2EF213D33A2006118AB /* Products */,
			);
			sourceTree = "<group>";
		};
		37E8A2EF213D33A2006118AB /* Products */ = {
			isa = PBXGroup;
			children = (
				37E8A2EE213D33A2006118AB /* StackOverflow51375566.app */,
			);
			name = Products;
			sourceTree = "<group>";
		};
		37E8A2F0213D33A2006118AB /* StackOverflow51375566 */ = {
			isa = PBXGroup;
			children = (
				37E8A2F1213D33A2006118AB /* AppDelegate.swift */,
				37E8A2F3213D33A2006118AB /* ViewController.swift */,
				37E8A2F5213D33A2006118AB /* Main.storyboard */,
				37E8A2F8213D33A3006118AB /* Assets.xcassets */,
				37E8A2FA213D33A3006118AB /* LaunchScreen.storyboard */,
				37E8A2FD213D33A3006118AB /* Info.plist */,
			);
			path = StackOverflow51375566;
			sourceTree = "<group>";
		};
/* End PBXGroup section */

/* Begin PBXNativeTarget section */
		37E8A2ED213D33A2006118AB /* StackOverflow51375566 */ = {
			isa = PBXNativeTarget;
			buildConfigurationList = 37E8A300213D33A3006118AB /* Build configuration list for PBXNativeTarget "StackOverflow51375566" */;
			buildPhases = (
				37E8A2EA213D33A2006118AB /* Sources */,
				37E8A2EB213D33A2006118AB /* Frameworks */,
				37E8A2EC213D33A2006118AB /* Resources */,
			);
			buildRules = (
			);
			dependencies = (
			);
			name = StackOverflow51375566;
			productName = StackOverflow51375566;
			productReference = 37E8A2EE213D33A2006118AB /* StackOverflow51375566.app */;
			productType = "com.apple.product-type.application";
		};
/* End PBXNativeTarget section */

/* Begin PBXProject section */
		37E8A2E6213D33A2006118AB /* Project object */ = {
			isa = PBXProject;
			attributes = {
				LastSwiftUpdateCheck = 1000;
				LastUpgradeCheck = 1000;
				ORGANIZATIONNAME = coeur;
				TargetAttributes = {
					37E8A2ED213D33A2006118AB = {
						CreatedOnToolsVersion = 10.0;
					};
				};
			};
			buildConfigurationList = 37E8A2E9213D33A2006118AB /* Build configuration list for PBXProject "StackOverflow51375566" */;
			compatibilityVersion = "Xcode 9.3";
			developmentRegion = en;
			hasScannedForEncodings = 0;
			knownRegions = (
				en,
				Base,
			);
			mainGroup = 37E8A2E5213D33A2006118AB;
			productRefGroup = 37E8A2EF213D33A2006118AB /* Products */;
			projectDirPath = "";
			projectRoot = "";
			targets = (
				37E8A2ED213D33A2006118AB /* StackOverflow51375566 */,
			);
		};
/* End PBXProject section */

/* Begin PBXResourcesBuildPhase section */
		37E8A2EC213D33A2006118AB /* Resources */ = {
			isa = PBXResourcesBuildPhase;
			buildActionMask = 2147483647;
			files = (
				37E8A2FC213D33A3006118AB /* LaunchScreen.storyboard in Resources */,
				37E8A2F9213D33A3006118AB /* Assets.xcassets in Resources */,
				37E8A2F7213D33A2006118AB /* Main.storyboard in Resources */,
			);
			runOnlyForDeploymentPostprocessing = 0;
		};
/* End PBXResourcesBuildPhase section */

/* Begin PBXSourcesBuildPhase section */
		37E8A2EA213D33A2006118AB /* Sources */ = {
			isa = PBXSourcesBuildPhase;
			buildActionMask = 2147483647;
			files = (
				37E8A2F4213D33A2006118AB /* ViewController.swift in Sources */,
				37E8A2F2213D33A2006118AB /* AppDelegate.swift in Sources */,
			);
			runOnlyForDeploymentPostprocessing = 0;
		};
/* End PBXSourcesBuildPhase section */

/* Begin PBXVariantGroup section */
		37E8A2F5213D33A2006118AB /* Main.storyboard */ = {
			isa = PBXVariantGroup;
			children = (
				37E8A2F6213D33A2006118AB /* Base */,
			);
			name = Main.storyboard;
			sourceTree = "<group>";
		};
		37E8A2FA213D33A3006118AB /* LaunchScreen.storyboard */ = {
			isa = PBXVariantGroup;
			children = (
				37E8A2FB213D33A3006118AB /* Base */,
			);
			name = LaunchScreen.storyboard;
			sourceTree = "<group>";
		};
/* End PBXVariantGroup section */

/* Begin XCBuildConfiguration section */
		37E8A2FE213D33A3006118AB /* Debug */ = {
			isa = XCBuildConfiguration;
			buildSettings = {
				ALWAYS_SEARCH_USER_PATHS = NO;
				CLANG_ANALYZER_NONNULL = YES;
				CLANG_ANALYZER_NUMBER_OBJECT_CONVERSION = YES_AGGRESSIVE;
				CLANG_CXX_LANGUAGE_STANDARD = "gnu++14";
				CLANG_CXX_LIBRARY = "libc++";
				CLANG_ENABLE_MODULES = YES;
				CLANG_ENABLE_OBJC_ARC = YES;
				CLANG_ENABLE_OBJC_WEAK = YES;
				CLANG_WARN_BLOCK_CAPTURE_AUTORELEASING = YES;
				CLANG_WARN_BOOL_CONVERSION = YES;
				CLANG_WARN_COMMA = YES;
				CLANG_WARN_CONSTANT_CONVERSION = YES;
				CLANG_WARN_DEPRECATED_OBJC_IMPLEMENTATIONS = YES;
				CLANG_WARN_DIRECT_OBJC_ISA_USAGE = YES_ERROR;
				CLANG_WARN_DOCUMENTATION_COMMENTS = YES;
				CLANG_WARN_EMPTY_BODY = YES;
				CLANG_WARN_ENUM_CONVERSION = YES;
				CLANG_WARN_INFINITE_RECURSION = YES;
				CLANG_WARN_INT_CONVERSION = YES;
				CLANG_WARN_NON_LITERAL_NULL_CONVERSION = YES;
				CLANG_WARN_OBJC_IMPLICIT_RETAIN_SELF = YES;
				CLANG_WARN_OBJC_LITERAL_CONVERSION = YES;
				CLANG_WARN_OBJC_ROOT_CLASS = YES_ERROR;
				CLANG_WARN_RANGE_LOOP_ANALYSIS = YES;
				CLANG_WARN_STRICT_PROTOTYPES = YES;
				CLANG_WARN_SUSPICIOUS_MOVE = YES;
				CLANG_WARN_UNGUARDED_AVAILABILITY = YES_AGGRESSIVE;
				CLANG_WARN_UNREACHABLE_CODE = YES;
				CLANG_WARN__DUPLICATE_METHOD_MATCH = YES;
				CODE_SIGN_IDENTITY = "iPhone Developer";
				COPY_PHASE_STRIP = NO;
				DEBUG_INFORMATION_FORMAT = dwarf;
				ENABLE_STRICT_OBJC_MSGSEND = YES;
				ENABLE_TESTABILITY = YES;
				GCC_C_LANGUAGE_STANDARD = gnu11;
				GCC_DYNAMIC_NO_PIC = NO;
				GCC_NO_COMMON_BLOCKS = YES;
				GCC_OPTIMIZATION_LEVEL = 0;
				GCC_PREPROCESSOR_DEFINITIONS = (
					"DEBUG=1",
					"$(inherited)",
				);
				GCC_WARN_64_TO_32_BIT_CONVERSION = YES;
				GCC_WARN_ABOUT_RETURN_TYPE = YES_ERROR;
				GCC_WARN_UNDECLARED_SELECTOR = YES;
				GCC_WARN_UNINITIALIZED_AUTOS = YES_AGGRESSIVE;
				GCC_WARN_UNUSED_FUNCTION = YES;
				GCC_WARN_UNUSED_VARIABLE = YES;
				IPHONEOS_DEPLOYMENT_TARGET = 10.0;
				MTL_ENABLE_DEBUG_INFO = INCLUDE_SOURCE;
				MTL_FAST_MATH = YES;
				ONLY_ACTIVE_ARCH = YES;
				SDKROOT = iphoneos;
				SWIFT_ACTIVE_COMPILATION_CONDITIONS = DEBUG;
				SWIFT_OPTIMIZATION_LEVEL = "-Onone";
			};
			name = Debug;
		};
		37E8A2FF213D33A3006118AB /* Release */ = {
			isa = XCBuildConfiguration;
			buildSettings = {
				ALWAYS_SEARCH_USER_PATHS = NO;
				CLANG_ANALYZER_NONNULL = YES;
				CLANG_ANALYZER_NUMBER_OBJECT_CONVERSION = YES_AGGRESSIVE;
				CLANG_CXX_LANGUAGE_STANDARD = "gnu++14";
				CLANG_CXX_LIBRARY = "libc++";
				CLANG_ENABLE_MODULES = YES;
				CLANG_ENABLE_OBJC_ARC = YES;
				CLANG_ENABLE_OBJC_WEAK = YES;
				CLANG_WARN_BLOCK_CAPTURE_AUTORELEASING = YES;
				CLANG_WARN_BOOL_CONVERSION = YES;
				CLANG_WARN_COMMA = YES;
				CLANG_WARN_CONSTANT_CONVERSION = YES;
				CLANG_WARN_DEPRECATED_OBJC_IMPLEMENTATIONS = YES;
				CLANG_WARN_DIRECT_OBJC_ISA_USAGE = YES_ERROR;
				CLANG_WARN_DOCUMENTATION_COMMENTS = YES;
				CLANG_WARN_EMPTY_BODY = YES;
				CLANG_WARN_ENUM_CONVERSION = YES;
				CLANG_WARN_INFINITE_RECURSION = YES;
				CLANG_WARN_INT_CONVERSION = YES;
				CLANG_WARN_NON_LITERAL_NULL_CONVERSION = YES;
				CLANG_WARN_OBJC_IMPLICIT_RETAIN_SELF = YES;
				CLANG_WARN_OBJC_LITERAL_CONVERSION = YES;
				CLANG_WARN_OBJC_ROOT_CLASS = YES_ERROR;
				CLANG_WARN_RANGE_LOOP_ANALYSIS = YES;
				CLANG_WARN_STRICT_PROTOTYPES = YES;
				CLANG_WARN_SUSPICIOUS_MOVE = YES;
				CLANG_WARN_UNGUARDED_AVAILABILITY = YES_AGGRESSIVE;
				CLANG_WARN_UNREACHABLE_CODE = YES;
				CLANG_WARN__DUPLICATE_METHOD_MATCH = YES;
				CODE_SIGN_IDENTITY = "iPhone Developer";
				COPY_PHASE_STRIP = NO;
				DEBUG_INFORMATION_FORMAT = "dwarf-with-dsym";
				ENABLE_NS_ASSERTIONS = NO;
				ENABLE_STRICT_OBJC_MSGSEND = YES;
				GCC_C_LANGUAGE_STANDARD = gnu11;
				GCC_NO_COMMON_BLOCKS = YES;
				GCC_WARN_64_TO_32_BIT_CONVERSION = YES;
				GCC_WARN_ABOUT_RETURN_TYPE = YES_ERROR;
				GCC_WARN_UNDECLARED_SELECTOR = YES;
				GCC_WARN_UNINITIALIZED_AUTOS = YES_AGGRESSIVE;
				GCC_WARN_UNUSED_FUNCTION = YES;
				GCC_WARN_UNUSED_VARIABLE = YES;
				IPHONEOS_DEPLOYMENT_TARGET = 10.0;
				MTL_ENABLE_DEBUG_INFO = NO;
				MTL_FAST_MATH = YES;
				SDKROOT = iphoneos;
				SWIFT_COMPILATION_MODE = wholemodule;
				SWIFT_OPTIMIZATION_LEVEL = "-O";
				VALIDATE_PRODUCT = YES;
			};
			name = Release;
		};
		37E8A301213D33A3006118AB /* Debug */ = {
			isa = XCBuildConfiguration;
			buildSettings = {
				ASSETCATALOG_COMPILER_APPICON_NAME = AppIcon;
				CODE_SIGN_STYLE = Automatic;
				INFOPLIST_FILE = StackOverflow51375566/Info.plist;
				LD_RUNPATH_SEARCH_PATHS = (
					"$(inherited)",
					"@executable_path/Frameworks",
				);
				PRODUCT_BUNDLE_IDENTIFIER = com.coeur.StackOverflow51375566;
				PRODUCT_NAME = "$(TARGET_NAME)";
				SWIFT_VERSION = 4.2;
				TARGETED_DEVICE_FAMILY = "1,2";
			};
			name = Debug;
		};
		37E8A302213D33A3006118AB /* Release */ = {
			isa = XCBuildConfiguration;
			buildSettings = {
				ASSETCATALOG_COMPILER_APPICON_NAME = AppIcon;
				CODE_SIGN_STYLE = Automatic;
				INFOPLIST_FILE = StackOverflow51375566/Info.plist;
				LD_RUNPATH_SEARCH_PATHS = (
					"$(inherited)",
					"@executable_path/Frameworks",
				);
				PRODUCT_BUNDLE_IDENTIFIER = com.coeur.StackOverflow51375566;
				PRODUCT_NAME = "$(TARGET_NAME)";
				SWIFT_VERSION = 4.2;
				TARGETED_DEVICE_FAMILY = "1,2";
			};
			name = Release;
		};
/* End XCBuildConfiguration section */

/* Begin XCConfigurationList section */
		37E8A2E9213D33A2006118AB /* Build configuration list for PBXProject "StackOverflow51375566" */ = {
			isa = XCConfigurationList;
			buildConfigurations = (
				37E8A2FE213D33A3006118AB /* Debug */,
				37E8A2FF213D33A3006118AB /* Release */,
			);
			defaultConfigurationIsVisible = 0;
			defaultConfigurationName = Release;
		};
		37E8A300213D33A3006118AB /* Build configuration list for PBXNativeTarget "StackOverflow51375566" */ = {
			isa = XCConfigurationList;
			buildConfigurations = (
				37E8A301213D33A3006118AB /* Debug */,
				37E8A302213D33A3006118AB /* Release */,
			);
			defaultConfigurationIsVisible = 0;
			defaultConfigurationName = Release;
		};
/* End XCConfigurationList section */
	};
	rootObject = 37E8A2E6213D33A2006118AB /* Project object */;
}
